
Microsoft Visual Studio Solution File, Format Version 12.00
# Visual Studio Version 17
VisualStudioVersion = 17.5.002.0
MinimumVisualStudioVersion = 10.0.40219.1
Project("{2150E333-8FDC-42A3-9474-1A3956D46DE8}") = "csharp-prep", "csharp-prep", "{835BEAA6-6858-43E4-88A7-49AB4B7BB84C}"
EndProject
Project("{9A19103F-16F7-4668-BE54-9A1E7A4F7556}") = "Prep1", "csharp-prep\Prep1\Prep1.csproj", "{2F89FAB7-4BBB-41B6-B4A7-B60623A0EE6E}"
EndProject
Project("{9A19103F-16F7-4668-BE54-9A1E7A4F7556}") = "Prep2", "csharp-prep\Prep2\Prep2.csproj", "{1F9A3F5D-7947-4971-8B09-5CD450F6AD7E}"
EndProject
Project("{9A19103F-16F7-4668-BE54-9A1E7A4F7556}") = "Prep3", "csharp-prep\Prep3\Prep3.csproj", "{A552F8ED-C13F-47EB-BC9D-5FAECD59C87A}"
EndProject
Project("{9A19103F-16F7-4668-BE54-9A1E7A4F7556}") = "Prep4", "csharp-prep\Prep4\Prep4.csproj", "{E01DB6D7-F51E-4369-80EC-641A7CA3495F}"
EndProject
Project("{9A19103F-16F7-4668-BE54-9A1E7A4F7556}") = "Prep5", "csharp-prep\Prep5\Prep5.csproj", "{C65CF510-DED6-49E5-8F36-1A36A8A609B8}"
EndProject
Project("{2150E333-8FDC-42A3-9474-1A3956D46DE8}") = "final", "final", "{F1F40007-60BE-4819-9B5A-758B492C9DB6}"
EndProject
Project("{9A19103F-16F7-4668-BE54-9A1E7A4F7556}") = "FinalProject", "final\FinalProject\FinalProject.csproj", "{C26A5B77-F667-4621-8018-D18839B8D94D}"
EndProject
Project("{9A19103F-16F7-4668-BE54-9A1E7A4F7556}") = "Foundation1", "final\Foundation1\Foundation1.csproj", "{38F2F28E-09A3-43D0-BC43-B1FD7792E9DF}"
EndProject
Project("{9A19103F-16F7-4668-BE54-9A1E7A4F7556}") = "Foundation2", "final\Foundation2\Foundation2.csproj", "{9DC3C7C1-5F0D-4434-8A7F-08EB14E459B6}"
EndProject
Project("{9A19103F-16F7-4668-BE54-9A1E7A4F7556}") = "Foundation3", "final\Foundation3\Foundation3.csproj", "{997BF2E9-64F8-43D6-828C-D296F508E47C}"
EndProject
Project("{9A19103F-16F7-4668-BE54-9A1E7A4F7556}") = "Foundation4", "final\Foundation4\Foundation4.csproj", "{BA7A1E18-8FB5-4EB7-8A10-6C98001A2AC9}"
EndProject
Project("{2150E333-8FDC-42A3-9474-1A3956D46DE8}") = "prepare", "prepare", "{7450BB55-CE6D-40B4-837D-E1E40D6B7564}"
EndProject
Project("{9A19103F-16F7-4668-BE54-9A1E7A4F7556}") = "Learning02", "prepare\Learning02\Learning02.csproj", "{B92056AE-D8F0-4059-86CD-62B6734D5A81}"
EndProject
Project("{9A19103F-16F7-4668-BE54-9A1E7A4F7556}") = "Learning03", "prepare\Learning03\Learning03.csproj", "{2A4D7AB0-7F7F-4F2B-83E0-A8E8A5F5B4C5}"
EndProject
Project("{9A19103F-16F7-4668-BE54-9A1E7A4F7556}") = "Learning04", "prepare\Learning04\Learning04.csproj", "{AC98C375-E12F-4CE6-BABA-67850659740E}"
EndProject
Project("{9A19103F-16F7-4668-BE54-9A1E7A4F7556}") = "Learning05", "prepare\Learning05\Learning05.csproj", "{F9492174-D20C-475E-B70F-43A6E9700F74}"
EndProject
Project("{2150E333-8FDC-42A3-9474-1A3956D46DE8}") = "prove", "prove", "{D0E76DB2-EE05-4AF9-9616-387E1BED6787}"
EndProject
Project("{9A19103F-16F7-4668-BE54-9A1E7A4F7556}") = "Develop02", "prove\Develop02\Develop02.csproj", "{AA13C3ED-61D6-4945-A1C2-DD2F3D8B4F5F}"
EndProject
Project("{9A19103F-16F7-4668-BE54-9A1E7A4F7556}") = "Develop03", "prove\Develop03\Develop03.csproj", "{97FAA937-0567-4225-B57D-FDE73B159D2C}"
EndProject
Project("{9A19103F-16F7-4668-BE54-9A1E7A4F7556}") = "Develop04", "prove\Develop04\Develop04.csproj", "{0B7B1633-FAFD-4C0D-9F6C-F017FEE9ADC7}"
EndProject
Project("{9A19103F-16F7-4668-BE54-9A1E7A4F7556}") = "Develop05", "prove\Develop05\Develop05.csproj", "{819F1932-5872-4277-A12A-B8DE320F40FC}"
EndProject
Project("{2150E333-8FDC-42A3-9474-1A3956D46DE8}") = "sandbox", "sandbox", "{76CBEF97-452C-41BF-94ED-FEDEAB87B39B}"
EndProject
Project("{9A19103F-16F7-4668-BE54-9A1E7A4F7556}") = "Sandbox", "sandbox\Sandbox\Sandbox.csproj", "{44C8B42F-A734-4DE7-9E5C-F3C261B04BE0}"
EndProject
Global
	GlobalSection(SolutionConfigurationPlatforms) = preSolution
		Debug|Any CPU = Debug|Any CPU
		Release|Any CPU = Release|Any CPU
	EndGlobalSection
	GlobalSection(ProjectConfigurationPlatforms) = postSolution
		{2F89FAB7-4BBB-41B6-B4A7-B60623A0EE6E}.Debug|Any CPU.ActiveCfg = Debug|Any CPU
		{2F89FAB7-4BBB-41B6-B4A7-B60623A0EE6E}.Debug|Any CPU.Build.0 = Debug|Any CPU
		{2F89FAB7-4BBB-41B6-B4A7-B60623A0EE6E}.Release|Any CPU.ActiveCfg = Release|Any CPU
		{2F89FAB7-4BBB-41B6-B4A7-B60623A0EE6E}.Release|Any CPU.Build.0 = Release|Any CPU
		{1F9A3F5D-7947-4971-8B09-5CD450F6AD7E}.Debug|Any CPU.ActiveCfg = Debug|Any CPU
		{1F9A3F5D-7947-4971-8B09-5CD450F6AD7E}.Debug|Any CPU.Build.0 = Debug|Any CPU
		{1F9A3F5D-7947-4971-8B09-5CD450F6AD7E}.Release|Any CPU.ActiveCfg = Release|Any CPU
		{1F9A3F5D-7947-4971-8B09-5CD450F6AD7E}.Release|Any CPU.Build.0 = Release|Any CPU
		{A552F8ED-C13F-47EB-BC9D-5FAECD59C87A}.Debug|Any CPU.ActiveCfg = Debug|Any CPU
		{A552F8ED-C13F-47EB-BC9D-5FAECD59C87A}.Debug|Any CPU.Build.0 = Debug|Any CPU
		{A552F8ED-C13F-47EB-BC9D-5FAECD59C87A}.Release|Any CPU.ActiveCfg = Release|Any CPU
		{A552F8ED-C13F-47EB-BC9D-5FAECD59C87A}.Release|Any CPU.Build.0 = Release|Any CPU
		{E01DB6D7-F51E-4369-80EC-641A7CA3495F}.Debug|Any CPU.ActiveCfg = Debug|Any CPU
		{E01DB6D7-F51E-4369-80EC-641A7CA3495F}.Debug|Any CPU.Build.0 = Debug|Any CPU
		{E01DB6D7-F51E-4369-80EC-641A7CA3495F}.Release|Any CPU.ActiveCfg = Release|Any CPU
		{E01DB6D7-F51E-4369-80EC-641A7CA3495F}.Release|Any CPU.Build.0 = Release|Any CPU
		{C65CF510-DED6-49E5-8F36-1A36A8A609B8}.Debug|Any CPU.ActiveCfg = Debug|Any CPU
		{C65CF510-DED6-49E5-8F36-1A36A8A609B8}.Debug|Any CPU.Build.0 = Debug|Any CPU
		{C65CF510-DED6-49E5-8F36-1A36A8A609B8}.Release|Any CPU.ActiveCfg = Release|Any CPU
		{C65CF510-DED6-49E5-8F36-1A36A8A609B8}.Release|Any CPU.Build.0 = Release|Any CPU
		{C26A5B77-F667-4621-8018-D18839B8D94D}.Debug|Any CPU.ActiveCfg = Debug|Any CPU
		{C26A5B77-F667-4621-8018-D18839B8D94D}.Debug|Any CPU.Build.0 = Debug|Any CPU
		{C26A5B77-F667-4621-8018-D18839B8D94D}.Release|Any CPU.ActiveCfg = Release|Any CPU
		{C26A5B77-F667-4621-8018-D18839B8D94D}.Release|Any CPU.Build.0 = Release|Any CPU
		{38F2F28E-09A3-43D0-BC43-B1FD7792E9DF}.Debug|Any CPU.ActiveCfg = Debug|Any CPU
		{38F2F28E-09A3-43D0-BC43-B1FD7792E9DF}.Debug|Any CPU.Build.0 = Debug|Any CPU
		{38F2F28E-09A3-43D0-BC43-B1FD7792E9DF}.Release|Any CPU.ActiveCfg = Release|Any CPU
		{38F2F28E-09A3-43D0-BC43-B1FD7792E9DF}.Release|Any CPU.Build.0 = Release|Any CPU
		{9DC3C7C1-5F0D-4434-8A7F-08EB14E459B6}.Debug|Any CPU.ActiveCfg = Debug|Any CPU
		{9DC3C7C1-5F0D-4434-8A7F-08EB14E459B6}.Debug|Any CPU.Build.0 = Debug|Any CPU
		{9DC3C7C1-5F0D-4434-8A7F-08EB14E459B6}.Release|Any CPU.ActiveCfg = Release|Any CPU
		{9DC3C7C1-5F0D-4434-8A7F-08EB14E459B6}.Release|Any CPU.Build.0 = Release|Any CPU
		{997BF2E9-64F8-43D6-828C-D296F508E47C}.Debug|Any CPU.ActiveCfg = Debug|Any CPU
		{997BF2E9-64F8-43D6-828C-D296F508E47C}.Debug|Any CPU.Build.0 = Debug|Any CPU
		{997BF2E9-64F8-43D6-828C-D296F508E47C}.Release|Any CPU.ActiveCfg = Release|Any CPU
		{997BF2E9-64F8-43D6-828C-D296F508E47C}.Release|Any CPU.Build.0 = Release|Any CPU
		{BA7A1E18-8FB5-4EB7-8A10-6C98001A2AC9}.Debug|Any CPU.ActiveCfg = Debug|Any CPU
		{BA7A1E18-8FB5-4EB7-8A10-6C98001A2AC9}.Debug|Any CPU.Build.0 = Debug|Any CPU
		{BA7A1E18-8FB5-4EB7-8A10-6C98001A2AC9}.Release|Any CPU.ActiveCfg = Release|Any CPU
		{BA7A1E18-8FB5-4EB7-8A10-6C98001A2AC9}.Release|Any CPU.Build.0 = Release|Any CPU
		{B92056AE-D8F0-4059-86CD-62B6734D5A81}.Debug|Any CPU.ActiveCfg = Debug|Any CPU
		{B92056AE-D8F0-4059-86CD-62B6734D5A81}.Debug|Any CPU.Build.0 = Debug|Any CPU
		{B92056AE-D8F0-4059-86CD-62B6734D5A81}.Release|Any CPU.ActiveCfg = Release|Any CPU
		{B92056AE-D8F0-4059-86CD-62B6734D5A81}.Release|Any CPU.Build.0 = Release|Any CPU
		{2A4D7AB0-7F7F-4F2B-83E0-A8E8A5F5B4C5}.Debug|Any CPU.ActiveCfg = Debug|Any CPU
		{2A4D7AB0-7F7F-4F2B-83E0-A8E8A5F5B4C5}.Debug|Any CPU.Build.0 = Debug|Any CPU
		{2A4D7AB0-7F7F-4F2B-83E0-A8E8A5F5B4C5}.Release|Any CPU.ActiveCfg = Release|Any CPU
		{2A4D7AB0-7F7F-4F2B-83E0-A8E8A5F5B4C5}.Release|Any CPU.Build.0 = Release|Any CPU
		{AC98C375-E12F-4CE6-BABA-67850659740E}.Debug|Any CPU.ActiveCfg = Debug|Any CPU
		{AC98C375-E12F-4CE6-BABA-67850659740E}.Debug|Any CPU.Build.0 = Debug|Any CPU
		{AC98C375-E12F-4CE6-BABA-67850659740E}.Release|Any CPU.ActiveCfg = Release|Any CPU
		{AC98C375-E12F-4CE6-BABA-67850659740E}.Release|Any CPU.Build.0 = Release|Any CPU
		{F9492174-D20C-475E-B70F-43A6E9700F74}.Debug|Any CPU.ActiveCfg = Debug|Any CPU
		{F9492174-D20C-475E-B70F-43A6E9700F74}.Debug|Any CPU.Build.0 = Debug|Any CPU
		{F9492174-D20C-475E-B70F-43A6E9700F74}.Release|Any CPU.ActiveCfg = Release|Any CPU
		{F9492174-D20C-475E-B70F-43A6E9700F74}.Release|Any CPU.Build.0 = Release|Any CPU
		{AA13C3ED-61D6-4945-A1C2-DD2F3D8B4F5F}.Debug|Any CPU.ActiveCfg = Debug|Any CPU
		{AA13C3ED-61D6-4945-A1C2-DD2F3D8B4F5F}.Debug|Any CPU.Build.0 = Debug|Any CPU
		{AA13C3ED-61D6-4945-A1C2-DD2F3D8B4F5F}.Release|Any CPU.ActiveCfg = Release|Any CPU
		{AA13C3ED-61D6-4945-A1C2-DD2F3D8B4F5F}.Release|Any CPU.Build.0 = Release|Any CPU
		{97FAA937-0567-4225-B57D-FDE73B159D2C}.Debug|Any CPU.ActiveCfg = Debug|Any CPU
		{97FAA937-0567-4225-B57D-FDE73B159D2C}.Debug|Any CPU.Build.0 = Debug|Any CPU
		{97FAA937-0567-4225-B57D-FDE73B159D2C}.Release|Any CPU.ActiveCfg = Release|Any CPU
		{97FAA937-0567-4225-B57D-FDE73B159D2C}.Release|Any CPU.Build.0 = Release|Any CPU
		{0B7B1633-FAFD-4C0D-9F6C-F017FEE9ADC7}.Debug|Any CPU.ActiveCfg = Debug|Any CPU
		{0B7B1633-FAFD-4C0D-9F6C-F017FEE9ADC7}.Debug|Any CPU.Build.0 = Debug|Any CPU
		{0B7B1633-FAFD-4C0D-9F6C-F017FEE9ADC7}.Release|Any CPU.ActiveCfg = Release|Any CPU
		{0B7B1633-FAFD-4C0D-9F6C-F017FEE9ADC7}.Release|Any CPU.Build.0 = Release|Any CPU
		{819F1932-5872-4277-A12A-B8DE320F40FC}.Debug|Any CPU.ActiveCfg = Debug|Any CPU
		{819F1932-5872-4277-A12A-B8DE320F40FC}.Debug|Any CPU.Build.0 = Debug|Any CPU
		{819F1932-5872-4277-A12A-B8DE320F40FC}.Release|Any CPU.ActiveCfg = Release|Any CPU
		{819F1932-5872-4277-A12A-B8DE320F40FC}.Release|Any CPU.Build.0 = Release|Any CPU
		{44C8B42F-A734-4DE7-9E5C-F3C261B04BE0}.Debug|Any CPU.ActiveCfg = Debug|Any CPU
		{44C8B42F-A734-4DE7-9E5C-F3C261B04BE0}.Debug|Any CPU.Build.0 = Debug|Any CPU
		{44C8B42F-A734-4DE7-9E5C-F3C261B04BE0}.Release|Any CPU.ActiveCfg = Release|Any CPU
		{44C8B42F-A734-4DE7-9E5C-F3C261B04BE0}.Release|Any CPU.Build.0 = Release|Any CPU
	EndGlobalSection
	GlobalSection(SolutionProperties) = preSolution
		HideSolutionNode = FALSE
	EndGlobalSection
	GlobalSection(NestedProjects) = preSolution
		{2F89FAB7-4BBB-41B6-B4A7-B60623A0EE6E} = {835BEAA6-6858-43E4-88A7-49AB4B7BB84C}
		{1F9A3F5D-7947-4971-8B09-5CD450F6AD7E} = {835BEAA6-6858-43E4-88A7-49AB4B7BB84C}
		{A552F8ED-C13F-47EB-BC9D-5FAECD59C87A} = {835BEAA6-6858-43E4-88A7-49AB4B7BB84C}
		{E01DB6D7-F51E-4369-80EC-641A7CA3495F} = {835BEAA6-6858-43E4-88A7-49AB4B7BB84C}
		{C65CF510-DED6-49E5-8F36-1A36A8A609B8} = {835BEAA6-6858-43E4-88A7-49AB4B7BB84C}
		{C26A5B77-F667-4621-8018-D18839B8D94D} = {F1F40007-60BE-4819-9B5A-758B492C9DB6}
		{38F2F28E-09A3-43D0-BC43-B1FD7792E9DF} = {F1F40007-60BE-4819-9B5A-758B492C9DB6}
		{9DC3C7C1-5F0D-4434-8A7F-08EB14E459B6} = {F1F40007-60BE-4819-9B5A-758B492C9DB6}
		{997BF2E9-64F8-43D6-828C-D296F508E47C} = {F1F40007-60BE-4819-9B5A-758B492C9DB6}
		{BA7A1E18-8FB5-4EB7-8A10-6C98001A2AC9} = {F1F40007-60BE-4819-9B5A-758B492C9DB6}
		{B92056AE-D8F0-4059-86CD-62B6734D5A81} = {7450BB55-CE6D-40B4-837D-E1E40D6B7564}
		{2A4D7AB0-7F7F-4F2B-83E0-A8E8A5F5B4C5} = {7450BB55-CE6D-40B4-837D-E1E40D6B7564}
		{AC98C375-E12F-4CE6-BABA-67850659740E} = {7450BB55-CE6D-40B4-837D-E1E40D6B7564}
		{F9492174-D20C-475E-B70F-43A6E9700F74} = {7450BB55-CE6D-40B4-837D-E1E40D6B7564}
		{AA13C3ED-61D6-4945-A1C2-DD2F3D8B4F5F} = {D0E76DB2-EE05-4AF9-9616-387E1BED6787}
		{97FAA937-0567-4225-B57D-FDE73B159D2C} = {D0E76DB2-EE05-4AF9-9616-387E1BED6787}
		{0B7B1633-FAFD-4C0D-9F6C-F017FEE9ADC7} = {D0E76DB2-EE05-4AF9-9616-387E1BED6787}
		{819F1932-5872-4277-A12A-B8DE320F40FC} = {D0E76DB2-EE05-4AF9-9616-387E1BED6787}
		{44C8B42F-A734-4DE7-9E5C-F3C261B04BE0} = {76CBEF97-452C-41BF-94ED-FEDEAB87B39B}
	EndGlobalSection
	GlobalSection(ExtensibilityGlobals) = postSolution
		SolutionGuid = {C42A38AC-6D7E-468D-B98D-8016D57605AA}
	EndGlobalSection
EndGlobal
